
Microsoft Visual Studio Solution File, Format Version 12.00
# Visual Studio 15
VisualStudioVersion = 15.0.27130.2024
MinimumVisualStudioVersion = 10.0.40219.1
Project("{FAE04EC0-301F-11D3-BF4B-00C04F79EFBC}") = "Booksbox.API", "AT_ASP.API\Booksbox.API.csproj", "{42761987-0702-4B4D-A6A3-D49D36BBC95A}"
EndProject
Project("{FAE04EC0-301F-11D3-BF4B-00C04F79EFBC}") = "Booksbox.Web", "AT_ASP.Web\Booksbox.Web.csproj", "{85780576-18FE-4A8A-BDB9-6137EC96F48F}"
EndProject
Global
	GlobalSection(SolutionConfigurationPlatforms) = preSolution
		Debug|Any CPU = Debug|Any CPU
		Release|Any CPU = Release|Any CPU
	EndGlobalSection
	GlobalSection(ProjectConfigurationPlatforms) = postSolution
		{42761987-0702-4B4D-A6A3-D49D36BBC95A}.Debug|Any CPU.ActiveCfg = Debug|Any CPU
		{42761987-0702-4B4D-A6A3-D49D36BBC95A}.Debug|Any CPU.Build.0 = Debug|Any CPU
		{42761987-0702-4B4D-A6A3-D49D36BBC95A}.Release|Any CPU.ActiveCfg = Release|Any CPU
		{42761987-0702-4B4D-A6A3-D49D36BBC95A}.Release|Any CPU.Build.0 = Release|Any CPU
		{85780576-18FE-4A8A-BDB9-6137EC96F48F}.Debug|Any CPU.ActiveCfg = Debug|Any CPU
		{85780576-18FE-4A8A-BDB9-6137EC96F48F}.Debug|Any CPU.Build.0 = Debug|Any CPU
		{85780576-18FE-4A8A-BDB9-6137EC96F48F}.Release|Any CPU.ActiveCfg = Release|Any CPU
		{85780576-18FE-4A8A-BDB9-6137EC96F48F}.Release|Any CPU.Build.0 = Release|Any CPU
	EndGlobalSection
	GlobalSection(SolutionProperties) = preSolution
		HideSolutionNode = FALSE
	EndGlobalSection
	GlobalSection(ExtensibilityGlobals) = postSolution
		SolutionGuid = {D8FF7FBD-405F-46B8-91EE-6696368778F5}
	EndGlobalSection
EndGlobal
